
Microsoft Visual Studio Solution File, Format Version 12.00
# Visual Studio Version 17
VisualStudioVersion = 17.0.31903.59
MinimumVisualStudioVersion = 10.0.40219.1
Project("{FAE04EC0-301F-11D3-BF4B-00C04F79EFBC}") = "Swarm.Editor", "Swarm.Editor\Swarm.Editor.csproj", "{B6653494-E4CC-43A0-A423-28F384A55425}"
EndProject
Project("{FAE04EC0-301F-11D3-BF4B-00C04F79EFBC}") = "Swarm.Agents", "Swarm.Agents\Swarm.Agents.csproj", "{31A98A3E-FADC-4879-B214-87F592588B96}"
EndProject
Project("{FAE04EC0-301F-11D3-BF4B-00C04F79EFBC}") = "Swarm.Hivemind", "Swarm.Hivemind\Swarm.Hivemind.csproj", "{42487098-18DF-4599-A6FE-8FFE79BB50D1}"
EndProject
Project("{FAE04EC0-301F-11D3-BF4B-00C04F79EFBC}") = "Swarm.Plugin", "Swarm.Plugin\Swarm.Plugin.csproj", "{B84FCCAA-CFC5-4CC6-9812-CCD8414DA726}"
EndProject
Project("{FAE04EC0-301F-11D3-BF4B-00C04F79EFBC}") = "Swarm.Shared", "Swarm.Shared\Swarm.Shared.csproj", "{2214ECFD-338A-41CB-892E-8A1B62662F9B}"
EndProject
Global
	GlobalSection(SolutionConfigurationPlatforms) = preSolution
		Debug|Any CPU = Debug|Any CPU
		Debug|x64 = Debug|x64
		Debug|x86 = Debug|x86
		Release|Any CPU = Release|Any CPU
		Release|x64 = Release|x64
		Release|x86 = Release|x86
	EndGlobalSection
	GlobalSection(ProjectConfigurationPlatforms) = postSolution
		{B6653494-E4CC-43A0-A423-28F384A55425}.Debug|Any CPU.ActiveCfg = Debug|Any CPU
		{B6653494-E4CC-43A0-A423-28F384A55425}.Debug|Any CPU.Build.0 = Debug|Any CPU
		{B6653494-E4CC-43A0-A423-28F384A55425}.Debug|x64.ActiveCfg = Debug|Any CPU
		{B6653494-E4CC-43A0-A423-28F384A55425}.Debug|x64.Build.0 = Debug|Any CPU
		{B6653494-E4CC-43A0-A423-28F384A55425}.Debug|x86.ActiveCfg = Debug|Any CPU
		{B6653494-E4CC-43A0-A423-28F384A55425}.Debug|x86.Build.0 = Debug|Any CPU
		{B6653494-E4CC-43A0-A423-28F384A55425}.Release|Any CPU.ActiveCfg = Release|Any CPU
		{B6653494-E4CC-43A0-A423-28F384A55425}.Release|Any CPU.Build.0 = Release|Any CPU
		{B6653494-E4CC-43A0-A423-28F384A55425}.Release|x64.ActiveCfg = Release|Any CPU
		{B6653494-E4CC-43A0-A423-28F384A55425}.Release|x64.Build.0 = Release|Any CPU
		{B6653494-E4CC-43A0-A423-28F384A55425}.Release|x86.ActiveCfg = Release|Any CPU
		{B6653494-E4CC-43A0-A423-28F384A55425}.Release|x86.Build.0 = Release|Any CPU
		{31A98A3E-FADC-4879-B214-87F592588B96}.Debug|Any CPU.ActiveCfg = Debug|Any CPU
		{31A98A3E-FADC-4879-B214-87F592588B96}.Debug|Any CPU.Build.0 = Debug|Any CPU
		{31A98A3E-FADC-4879-B214-87F592588B96}.Debug|x64.ActiveCfg = Debug|Any CPU
		{31A98A3E-FADC-4879-B214-87F592588B96}.Debug|x64.Build.0 = Debug|Any CPU
		{31A98A3E-FADC-4879-B214-87F592588B96}.Debug|x86.ActiveCfg = Debug|Any CPU
		{31A98A3E-FADC-4879-B214-87F592588B96}.Debug|x86.Build.0 = Debug|Any CPU
		{31A98A3E-FADC-4879-B214-87F592588B96}.Release|Any CPU.ActiveCfg = Release|Any CPU
		{31A98A3E-FADC-4879-B214-87F592588B96}.Release|Any CPU.Build.0 = Release|Any CPU
		{31A98A3E-FADC-4879-B214-87F592588B96}.Release|x64.ActiveCfg = Release|Any CPU
		{31A98A3E-FADC-4879-B214-87F592588B96}.Release|x64.Build.0 = Release|Any CPU
		{31A98A3E-FADC-4879-B214-87F592588B96}.Release|x86.ActiveCfg = Release|Any CPU
		{31A98A3E-FADC-4879-B214-87F592588B96}.Release|x86.Build.0 = Release|Any CPU
		{42487098-18DF-4599-A6FE-8FFE79BB50D1}.Debug|Any CPU.ActiveCfg = Debug|Any CPU
		{42487098-18DF-4599-A6FE-8FFE79BB50D1}.Debug|Any CPU.Build.0 = Debug|Any CPU
		{42487098-18DF-4599-A6FE-8FFE79BB50D1}.Debug|x64.ActiveCfg = Debug|Any CPU
		{42487098-18DF-4599-A6FE-8FFE79BB50D1}.Debug|x64.Build.0 = Debug|Any CPU
		{42487098-18DF-4599-A6FE-8FFE79BB50D1}.Debug|x86.ActiveCfg = Debug|Any CPU
		{42487098-18DF-4599-A6FE-8FFE79BB50D1}.Debug|x86.Build.0 = Debug|Any CPU
		{42487098-18DF-4599-A6FE-8FFE79BB50D1}.Release|Any CPU.ActiveCfg = Release|Any CPU
		{42487098-18DF-4599-A6FE-8FFE79BB50D1}.Release|Any CPU.Build.0 = Release|Any CPU
		{42487098-18DF-4599-A6FE-8FFE79BB50D1}.Release|x64.ActiveCfg = Release|Any CPU
		{42487098-18DF-4599-A6FE-8FFE79BB50D1}.Release|x64.Build.0 = Release|Any CPU
		{42487098-18DF-4599-A6FE-8FFE79BB50D1}.Release|x86.ActiveCfg = Release|Any CPU
		{42487098-18DF-4599-A6FE-8FFE79BB50D1}.Release|x86.Build.0 = Release|Any CPU
		{B84FCCAA-CFC5-4CC6-9812-CCD8414DA726}.Debug|Any CPU.ActiveCfg = Debug|Any CPU
		{B84FCCAA-CFC5-4CC6-9812-CCD8414DA726}.Debug|Any CPU.Build.0 = Debug|Any CPU
		{B84FCCAA-CFC5-4CC6-9812-CCD8414DA726}.Debug|x64.ActiveCfg = Debug|Any CPU
		{B84FCCAA-CFC5-4CC6-9812-CCD8414DA726}.Debug|x64.Build.0 = Debug|Any CPU
		{B84FCCAA-CFC5-4CC6-9812-CCD8414DA726}.Debug|x86.ActiveCfg = Debug|Any CPU
		{B84FCCAA-CFC5-4CC6-9812-CCD8414DA726}.Debug|x86.Build.0 = Debug|Any CPU
		{B84FCCAA-CFC5-4CC6-9812-CCD8414DA726}.Release|Any CPU.ActiveCfg = Release|Any CPU
		{B84FCCAA-CFC5-4CC6-9812-CCD8414DA726}.Release|Any CPU.Build.0 = Release|Any CPU
		{B84FCCAA-CFC5-4CC6-9812-CCD8414DA726}.Release|x64.ActiveCfg = Release|Any CPU
		{B84FCCAA-CFC5-4CC6-9812-CCD8414DA726}.Release|x64.Build.0 = Release|Any CPU
		{B84FCCAA-CFC5-4CC6-9812-CCD8414DA726}.Release|x86.ActiveCfg = Release|Any CPU
		{B84FCCAA-CFC5-4CC6-9812-CCD8414DA726}.Release|x86.Build.0 = Release|Any CPU
		{2214ECFD-338A-41CB-892E-8A1B62662F9B}.Debug|Any CPU.ActiveCfg = Debug|Any CPU
		{2214ECFD-338A-41CB-892E-8A1B62662F9B}.Debug|Any CPU.Build.0 = Debug|Any CPU
		{2214ECFD-338A-41CB-892E-8A1B62662F9B}.Debug|x64.ActiveCfg = Debug|Any CPU
		{2214ECFD-338A-41CB-892E-8A1B62662F9B}.Debug|x64.Build.0 = Debug|Any CPU
		{2214ECFD-338A-41CB-892E-8A1B62662F9B}.Debug|x86.ActiveCfg = Debug|Any CPU
		{2214ECFD-338A-41CB-892E-8A1B62662F9B}.Debug|x86.Build.0 = Debug|Any CPU
		{2214ECFD-338A-41CB-892E-8A1B62662F9B}.Release|Any CPU.ActiveCfg = Release|Any CPU
		{2214ECFD-338A-41CB-892E-8A1B62662F9B}.Release|Any CPU.Build.0 = Release|Any CPU
		{2214ECFD-338A-41CB-892E-8A1B62662F9B}.Release|x64.ActiveCfg = Release|Any CPU
		{2214ECFD-338A-41CB-892E-8A1B62662F9B}.Release|x64.Build.0 = Release|Any CPU
		{2214ECFD-338A-41CB-892E-8A1B62662F9B}.Release|x86.ActiveCfg = Release|Any CPU
		{2214ECFD-338A-41CB-892E-8A1B62662F9B}.Release|x86.Build.0 = Release|Any CPU
		{DD2A1B24-9B3D-4934-8E02-6A6DE5FA2EEF}.Debug|Any CPU.ActiveCfg = Debug|Any CPU
		{DD2A1B24-9B3D-4934-8E02-6A6DE5FA2EEF}.Debug|Any CPU.Build.0 = Debug|Any CPU
		{DD2A1B24-9B3D-4934-8E02-6A6DE5FA2EEF}.Debug|x64.ActiveCfg = Debug|Any CPU
		{DD2A1B24-9B3D-4934-8E02-6A6DE5FA2EEF}.Debug|x64.Build.0 = Debug|Any CPU
		{DD2A1B24-9B3D-4934-8E02-6A6DE5FA2EEF}.Debug|x86.ActiveCfg = Debug|Any CPU
		{DD2A1B24-9B3D-4934-8E02-6A6DE5FA2EEF}.Debug|x86.Build.0 = Debug|Any CPU
		{DD2A1B24-9B3D-4934-8E02-6A6DE5FA2EEF}.Release|Any CPU.ActiveCfg = Release|Any CPU
		{DD2A1B24-9B3D-4934-8E02-6A6DE5FA2EEF}.Release|Any CPU.Build.0 = Release|Any CPU
		{DD2A1B24-9B3D-4934-8E02-6A6DE5FA2EEF}.Release|x64.ActiveCfg = Release|Any CPU
		{DD2A1B24-9B3D-4934-8E02-6A6DE5FA2EEF}.Release|x64.Build.0 = Release|Any CPU
		{DD2A1B24-9B3D-4934-8E02-6A6DE5FA2EEF}.Release|x86.ActiveCfg = Release|Any CPU
		{DD2A1B24-9B3D-4934-8E02-6A6DE5FA2EEF}.Release|x86.Build.0 = Release|Any CPU
		{EA18B76C-7760-47C5-8B44-5AB0AA3F4BE7}.Debug|Any CPU.ActiveCfg = Debug|Any CPU
		{EA18B76C-7760-47C5-8B44-5AB0AA3F4BE7}.Debug|Any CPU.Build.0 = Debug|Any CPU
		{EA18B76C-7760-47C5-8B44-5AB0AA3F4BE7}.Debug|x64.ActiveCfg = Debug|Any CPU
		{EA18B76C-7760-47C5-8B44-5AB0AA3F4BE7}.Debug|x64.Build.0 = Debug|Any CPU
		{EA18B76C-7760-47C5-8B44-5AB0AA3F4BE7}.Debug|x86.ActiveCfg = Debug|Any CPU
		{EA18B76C-7760-47C5-8B44-5AB0AA3F4BE7}.Debug|x86.Build.0 = Debug|Any CPU
		{EA18B76C-7760-47C5-8B44-5AB0AA3F4BE7}.Release|Any CPU.ActiveCfg = Release|Any CPU
		{EA18B76C-7760-47C5-8B44-5AB0AA3F4BE7}.Release|Any CPU.Build.0 = Release|Any CPU
		{EA18B76C-7760-47C5-8B44-5AB0AA3F4BE7}.Release|x64.ActiveCfg = Release|Any CPU
		{EA18B76C-7760-47C5-8B44-5AB0AA3F4BE7}.Release|x64.Build.0 = Release|Any CPU
		{EA18B76C-7760-47C5-8B44-5AB0AA3F4BE7}.Release|x86.ActiveCfg = Release|Any CPU
		{EA18B76C-7760-47C5-8B44-5AB0AA3F4BE7}.Release|x86.Build.0 = Release|Any CPU
		{E9AFA814-D88C-4204-B2CD-92615D5F26C7}.Debug|Any CPU.ActiveCfg = Debug|Any CPU
		{E9AFA814-D88C-4204-B2CD-92615D5F26C7}.Debug|Any CPU.Build.0 = Debug|Any CPU
		{E9AFA814-D88C-4204-B2CD-92615D5F26C7}.Debug|x64.ActiveCfg = Debug|Any CPU
		{E9AFA814-D88C-4204-B2CD-92615D5F26C7}.Debug|x64.Build.0 = Debug|Any CPU
		{E9AFA814-D88C-4204-B2CD-92615D5F26C7}.Debug|x86.ActiveCfg = Debug|Any CPU
		{E9AFA814-D88C-4204-B2CD-92615D5F26C7}.Debug|x86.Build.0 = Debug|Any CPU
		{E9AFA814-D88C-4204-B2CD-92615D5F26C7}.Release|Any CPU.ActiveCfg = Release|Any CPU
		{E9AFA814-D88C-4204-B2CD-92615D5F26C7}.Release|Any CPU.Build.0 = Release|Any CPU
		{E9AFA814-D88C-4204-B2CD-92615D5F26C7}.Release|x64.ActiveCfg = Release|Any CPU
		{E9AFA814-D88C-4204-B2CD-92615D5F26C7}.Release|x64.Build.0 = Release|Any CPU
		{E9AFA814-D88C-4204-B2CD-92615D5F26C7}.Release|x86.ActiveCfg = Release|Any CPU
		{E9AFA814-D88C-4204-B2CD-92615D5F26C7}.Release|x86.Build.0 = Release|Any CPU
		{483139F7-02B8-4FE4-A9A9-395F84E853E6}.Debug|Any CPU.ActiveCfg = Debug|Any CPU
		{483139F7-02B8-4FE4-A9A9-395F84E853E6}.Debug|Any CPU.Build.0 = Debug|Any CPU
		{483139F7-02B8-4FE4-A9A9-395F84E853E6}.Debug|x64.ActiveCfg = Debug|Any CPU
		{483139F7-02B8-4FE4-A9A9-395F84E853E6}.Debug|x64.Build.0 = Debug|Any CPU
		{483139F7-02B8-4FE4-A9A9-395F84E853E6}.Debug|x86.ActiveCfg = Debug|Any CPU
		{483139F7-02B8-4FE4-A9A9-395F84E853E6}.Debug|x86.Build.0 = Debug|Any CPU
		{483139F7-02B8-4FE4-A9A9-395F84E853E6}.Release|Any CPU.ActiveCfg = Release|Any CPU
		{483139F7-02B8-4FE4-A9A9-395F84E853E6}.Release|Any CPU.Build.0 = Release|Any CPU
		{483139F7-02B8-4FE4-A9A9-395F84E853E6}.Release|x64.ActiveCfg = Release|Any CPU
		{483139F7-02B8-4FE4-A9A9-395F84E853E6}.Release|x64.Build.0 = Release|Any CPU
		{483139F7-02B8-4FE4-A9A9-395F84E853E6}.Release|x86.ActiveCfg = Release|Any CPU
		{483139F7-02B8-4FE4-A9A9-395F84E853E6}.Release|x86.Build.0 = Release|Any CPU
		{10285337-3B37-496F-A003-707458247C2C}.Debug|Any CPU.ActiveCfg = Debug|Any CPU
		{10285337-3B37-496F-A003-707458247C2C}.Debug|Any CPU.Build.0 = Debug|Any CPU
		{10285337-3B37-496F-A003-707458247C2C}.Debug|x64.ActiveCfg = Debug|Any CPU
		{10285337-3B37-496F-A003-707458247C2C}.Debug|x64.Build.0 = Debug|Any CPU
		{10285337-3B37-496F-A003-707458247C2C}.Debug|x86.ActiveCfg = Debug|Any CPU
		{10285337-3B37-496F-A003-707458247C2C}.Debug|x86.Build.0 = Debug|Any CPU
		{10285337-3B37-496F-A003-707458247C2C}.Release|Any CPU.ActiveCfg = Release|Any CPU
		{10285337-3B37-496F-A003-707458247C2C}.Release|Any CPU.Build.0 = Release|Any CPU
		{10285337-3B37-496F-A003-707458247C2C}.Release|x64.ActiveCfg = Release|Any CPU
		{10285337-3B37-496F-A003-707458247C2C}.Release|x64.Build.0 = Release|Any CPU
		{10285337-3B37-496F-A003-707458247C2C}.Release|x86.ActiveCfg = Release|Any CPU
		{10285337-3B37-496F-A003-707458247C2C}.Release|x86.Build.0 = Release|Any CPU
		{6A4D845C-1C74-4A5B-B41E-981CC634B51A}.Debug|Any CPU.ActiveCfg = Debug|Any CPU
		{6A4D845C-1C74-4A5B-B41E-981CC634B51A}.Debug|Any CPU.Build.0 = Debug|Any CPU
		{6A4D845C-1C74-4A5B-B41E-981CC634B51A}.Debug|x64.ActiveCfg = Debug|Any CPU
		{6A4D845C-1C74-4A5B-B41E-981CC634B51A}.Debug|x64.Build.0 = Debug|Any CPU
		{6A4D845C-1C74-4A5B-B41E-981CC634B51A}.Debug|x86.ActiveCfg = Debug|Any CPU
		{6A4D845C-1C74-4A5B-B41E-981CC634B51A}.Debug|x86.Build.0 = Debug|Any CPU
		{6A4D845C-1C74-4A5B-B41E-981CC634B51A}.Release|Any CPU.ActiveCfg = Release|Any CPU
		{6A4D845C-1C74-4A5B-B41E-981CC634B51A}.Release|Any CPU.Build.0 = Release|Any CPU
		{6A4D845C-1C74-4A5B-B41E-981CC634B51A}.Release|x64.ActiveCfg = Release|Any CPU
		{6A4D845C-1C74-4A5B-B41E-981CC634B51A}.Release|x64.Build.0 = Release|Any CPU
		{6A4D845C-1C74-4A5B-B41E-981CC634B51A}.Release|x86.ActiveCfg = Release|Any CPU
		{6A4D845C-1C74-4A5B-B41E-981CC634B51A}.Release|x86.Build.0 = Release|Any CPU
		{1079FCE4-39B6-47F9-895A-318D9AFD7B2F}.Debug|Any CPU.ActiveCfg = Debug|Any CPU
		{1079FCE4-39B6-47F9-895A-318D9AFD7B2F}.Debug|Any CPU.Build.0 = Debug|Any CPU
		{1079FCE4-39B6-47F9-895A-318D9AFD7B2F}.Debug|x64.ActiveCfg = Debug|Any CPU
		{1079FCE4-39B6-47F9-895A-318D9AFD7B2F}.Debug|x64.Build.0 = Debug|Any CPU
		{1079FCE4-39B6-47F9-895A-318D9AFD7B2F}.Debug|x86.ActiveCfg = Debug|Any CPU
		{1079FCE4-39B6-47F9-895A-318D9AFD7B2F}.Debug|x86.Build.0 = Debug|Any CPU
		{1079FCE4-39B6-47F9-895A-318D9AFD7B2F}.Release|Any CPU.ActiveCfg = Release|Any CPU
		{1079FCE4-39B6-47F9-895A-318D9AFD7B2F}.Release|Any CPU.Build.0 = Release|Any CPU
		{1079FCE4-39B6-47F9-895A-318D9AFD7B2F}.Release|x64.ActiveCfg = Release|Any CPU
		{1079FCE4-39B6-47F9-895A-318D9AFD7B2F}.Release|x64.Build.0 = Release|Any CPU
		{1079FCE4-39B6-47F9-895A-318D9AFD7B2F}.Release|x86.ActiveCfg = Release|Any CPU
		{1079FCE4-39B6-47F9-895A-318D9AFD7B2F}.Release|x86.Build.0 = Release|Any CPU
		{14D186F9-1454-452E-82E7-C9D30DBB959F}.Debug|Any CPU.ActiveCfg = Debug|Any CPU
		{14D186F9-1454-452E-82E7-C9D30DBB959F}.Debug|Any CPU.Build.0 = Debug|Any CPU
		{14D186F9-1454-452E-82E7-C9D30DBB959F}.Debug|x64.ActiveCfg = Debug|Any CPU
		{14D186F9-1454-452E-82E7-C9D30DBB959F}.Debug|x64.Build.0 = Debug|Any CPU
		{14D186F9-1454-452E-82E7-C9D30DBB959F}.Debug|x86.ActiveCfg = Debug|Any CPU
		{14D186F9-1454-452E-82E7-C9D30DBB959F}.Debug|x86.Build.0 = Debug|Any CPU
		{14D186F9-1454-452E-82E7-C9D30DBB959F}.Release|Any CPU.ActiveCfg = Release|Any CPU
		{14D186F9-1454-452E-82E7-C9D30DBB959F}.Release|Any CPU.Build.0 = Release|Any CPU
		{14D186F9-1454-452E-82E7-C9D30DBB959F}.Release|x64.ActiveCfg = Release|Any CPU
		{14D186F9-1454-452E-82E7-C9D30DBB959F}.Release|x64.Build.0 = Release|Any CPU
		{14D186F9-1454-452E-82E7-C9D30DBB959F}.Release|x86.ActiveCfg = Release|Any CPU
		{14D186F9-1454-452E-82E7-C9D30DBB959F}.Release|x86.Build.0 = Release|Any CPU
		{E1C106BE-989F-4DF6-8A22-0F826145150D}.Debug|Any CPU.ActiveCfg = Debug|Any CPU
		{E1C106BE-989F-4DF6-8A22-0F826145150D}.Debug|Any CPU.Build.0 = Debug|Any CPU
		{E1C106BE-989F-4DF6-8A22-0F826145150D}.Debug|x64.ActiveCfg = Debug|Any CPU
		{E1C106BE-989F-4DF6-8A22-0F826145150D}.Debug|x64.Build.0 = Debug|Any CPU
		{E1C106BE-989F-4DF6-8A22-0F826145150D}.Debug|x86.ActiveCfg = Debug|Any CPU
		{E1C106BE-989F-4DF6-8A22-0F826145150D}.Debug|x86.Build.0 = Debug|Any CPU
		{E1C106BE-989F-4DF6-8A22-0F826145150D}.Release|Any CPU.ActiveCfg = Release|Any CPU
		{E1C106BE-989F-4DF6-8A22-0F826145150D}.Release|Any CPU.Build.0 = Release|Any CPU
		{E1C106BE-989F-4DF6-8A22-0F826145150D}.Release|x64.ActiveCfg = Release|Any CPU
		{E1C106BE-989F-4DF6-8A22-0F826145150D}.Release|x64.Build.0 = Release|Any CPU
		{E1C106BE-989F-4DF6-8A22-0F826145150D}.Release|x86.ActiveCfg = Release|Any CPU
		{E1C106BE-989F-4DF6-8A22-0F826145150D}.Release|x86.Build.0 = Release|Any CPU
		{624C939B-F44E-4DBD-9777-9476D6401805}.Debug|Any CPU.ActiveCfg = Debug|Any CPU
		{624C939B-F44E-4DBD-9777-9476D6401805}.Debug|Any CPU.Build.0 = Debug|Any CPU
		{624C939B-F44E-4DBD-9777-9476D6401805}.Debug|x64.ActiveCfg = Debug|Any CPU
		{624C939B-F44E-4DBD-9777-9476D6401805}.Debug|x64.Build.0 = Debug|Any CPU
		{624C939B-F44E-4DBD-9777-9476D6401805}.Debug|x86.ActiveCfg = Debug|Any CPU
		{624C939B-F44E-4DBD-9777-9476D6401805}.Debug|x86.Build.0 = Debug|Any CPU
		{624C939B-F44E-4DBD-9777-9476D6401805}.Release|Any CPU.ActiveCfg = Release|Any CPU
		{624C939B-F44E-4DBD-9777-9476D6401805}.Release|Any CPU.Build.0 = Release|Any CPU
		{624C939B-F44E-4DBD-9777-9476D6401805}.Release|x64.ActiveCfg = Release|Any CPU
		{624C939B-F44E-4DBD-9777-9476D6401805}.Release|x64.Build.0 = Release|Any CPU
		{624C939B-F44E-4DBD-9777-9476D6401805}.Release|x86.ActiveCfg = Release|Any CPU
		{624C939B-F44E-4DBD-9777-9476D6401805}.Release|x86.Build.0 = Release|Any CPU
		{9A2B89F2-1915-4EB6-B814-16476CB702E6}.Debug|Any CPU.ActiveCfg = Debug|Any CPU
		{9A2B89F2-1915-4EB6-B814-16476CB702E6}.Debug|Any CPU.Build.0 = Debug|Any CPU
		{9A2B89F2-1915-4EB6-B814-16476CB702E6}.Debug|x64.ActiveCfg = Debug|Any CPU
		{9A2B89F2-1915-4EB6-B814-16476CB702E6}.Debug|x64.Build.0 = Debug|Any CPU
		{9A2B89F2-1915-4EB6-B814-16476CB702E6}.Debug|x86.ActiveCfg = Debug|Any CPU
		{9A2B89F2-1915-4EB6-B814-16476CB702E6}.Debug|x86.Build.0 = Debug|Any CPU
		{9A2B89F2-1915-4EB6-B814-16476CB702E6}.Release|Any CPU.ActiveCfg = Release|Any CPU
		{9A2B89F2-1915-4EB6-B814-16476CB702E6}.Release|Any CPU.Build.0 = Release|Any CPU
		{9A2B89F2-1915-4EB6-B814-16476CB702E6}.Release|x64.ActiveCfg = Release|Any CPU
		{9A2B89F2-1915-4EB6-B814-16476CB702E6}.Release|x64.Build.0 = Release|Any CPU
		{9A2B89F2-1915-4EB6-B814-16476CB702E6}.Release|x86.ActiveCfg = Release|Any CPU
		{9A2B89F2-1915-4EB6-B814-16476CB702E6}.Release|x86.Build.0 = Release|Any CPU
		{9DD70D1C-6DED-4B4C-A53C-2A211C341110}.Debug|Any CPU.ActiveCfg = Debug|Any CPU
		{9DD70D1C-6DED-4B4C-A53C-2A211C341110}.Debug|Any CPU.Build.0 = Debug|Any CPU
		{9DD70D1C-6DED-4B4C-A53C-2A211C341110}.Debug|x64.ActiveCfg = Debug|Any CPU
		{9DD70D1C-6DED-4B4C-A53C-2A211C341110}.Debug|x64.Build.0 = Debug|Any CPU
		{9DD70D1C-6DED-4B4C-A53C-2A211C341110}.Debug|x86.ActiveCfg = Debug|Any CPU
		{9DD70D1C-6DED-4B4C-A53C-2A211C341110}.Debug|x86.Build.0 = Debug|Any CPU
		{9DD70D1C-6DED-4B4C-A53C-2A211C341110}.Release|Any CPU.ActiveCfg = Release|Any CPU
		{9DD70D1C-6DED-4B4C-A53C-2A211C341110}.Release|Any CPU.Build.0 = Release|Any CPU
		{9DD70D1C-6DED-4B4C-A53C-2A211C341110}.Release|x64.ActiveCfg = Release|Any CPU
		{9DD70D1C-6DED-4B4C-A53C-2A211C341110}.Release|x64.Build.0 = Release|Any CPU
		{9DD70D1C-6DED-4B4C-A53C-2A211C341110}.Release|x86.ActiveCfg = Release|Any CPU
		{9DD70D1C-6DED-4B4C-A53C-2A211C341110}.Release|x86.Build.0 = Release|Any CPU
		{81B1BD6B-0778-44B8-AA0E-E7D9C72898AE}.Debug|Any CPU.ActiveCfg = Debug|Any CPU
		{81B1BD6B-0778-44B8-AA0E-E7D9C72898AE}.Debug|Any CPU.Build.0 = Debug|Any CPU
		{81B1BD6B-0778-44B8-AA0E-E7D9C72898AE}.Debug|x64.ActiveCfg = Debug|Any CPU
		{81B1BD6B-0778-44B8-AA0E-E7D9C72898AE}.Debug|x64.Build.0 = Debug|Any CPU
		{81B1BD6B-0778-44B8-AA0E-E7D9C72898AE}.Debug|x86.ActiveCfg = Debug|Any CPU
		{81B1BD6B-0778-44B8-AA0E-E7D9C72898AE}.Debug|x86.Build.0 = Debug|Any CPU
		{81B1BD6B-0778-44B8-AA0E-E7D9C72898AE}.Release|Any CPU.ActiveCfg = Release|Any CPU
		{81B1BD6B-0778-44B8-AA0E-E7D9C72898AE}.Release|Any CPU.Build.0 = Release|Any CPU
		{81B1BD6B-0778-44B8-AA0E-E7D9C72898AE}.Release|x64.ActiveCfg = Release|Any CPU
		{81B1BD6B-0778-44B8-AA0E-E7D9C72898AE}.Release|x64.Build.0 = Release|Any CPU
		{81B1BD6B-0778-44B8-AA0E-E7D9C72898AE}.Release|x86.ActiveCfg = Release|Any CPU
		{81B1BD6B-0778-44B8-AA0E-E7D9C72898AE}.Release|x86.Build.0 = Release|Any CPU
		{4984B762-624F-4349-92D9-BD9017DB0F0A}.Debug|Any CPU.ActiveCfg = Debug|Any CPU
		{4984B762-624F-4349-92D9-BD9017DB0F0A}.Debug|Any CPU.Build.0 = Debug|Any CPU
		{4984B762-624F-4349-92D9-BD9017DB0F0A}.Debug|x64.ActiveCfg = Debug|Any CPU
		{4984B762-624F-4349-92D9-BD9017DB0F0A}.Debug|x64.Build.0 = Debug|Any CPU
		{4984B762-624F-4349-92D9-BD9017DB0F0A}.Debug|x86.ActiveCfg = Debug|Any CPU
		{4984B762-624F-4349-92D9-BD9017DB0F0A}.Debug|x86.Build.0 = Debug|Any CPU
		{4984B762-624F-4349-92D9-BD9017DB0F0A}.Release|Any CPU.ActiveCfg = Release|Any CPU
		{4984B762-624F-4349-92D9-BD9017DB0F0A}.Release|Any CPU.Build.0 = Release|Any CPU
		{4984B762-624F-4349-92D9-BD9017DB0F0A}.Release|x64.ActiveCfg = Release|Any CPU
		{4984B762-624F-4349-92D9-BD9017DB0F0A}.Release|x64.Build.0 = Release|Any CPU
		{4984B762-624F-4349-92D9-BD9017DB0F0A}.Release|x86.ActiveCfg = Release|Any CPU
		{4984B762-624F-4349-92D9-BD9017DB0F0A}.Release|x86.Build.0 = Release|Any CPU
		{AEBFA2F6-F847-4342-93FF-BC32AAA41B96}.Debug|Any CPU.ActiveCfg = Debug|Any CPU
		{AEBFA2F6-F847-4342-93FF-BC32AAA41B96}.Debug|Any CPU.Build.0 = Debug|Any CPU
		{AEBFA2F6-F847-4342-93FF-BC32AAA41B96}.Debug|x64.ActiveCfg = Debug|Any CPU
		{AEBFA2F6-F847-4342-93FF-BC32AAA41B96}.Debug|x64.Build.0 = Debug|Any CPU
		{AEBFA2F6-F847-4342-93FF-BC32AAA41B96}.Debug|x86.ActiveCfg = Debug|Any CPU
		{AEBFA2F6-F847-4342-93FF-BC32AAA41B96}.Debug|x86.Build.0 = Debug|Any CPU
		{AEBFA2F6-F847-4342-93FF-BC32AAA41B96}.Release|Any CPU.ActiveCfg = Release|Any CPU
		{AEBFA2F6-F847-4342-93FF-BC32AAA41B96}.Release|Any CPU.Build.0 = Release|Any CPU
		{AEBFA2F6-F847-4342-93FF-BC32AAA41B96}.Release|x64.ActiveCfg = Release|Any CPU
		{AEBFA2F6-F847-4342-93FF-BC32AAA41B96}.Release|x64.Build.0 = Release|Any CPU
		{AEBFA2F6-F847-4342-93FF-BC32AAA41B96}.Release|x86.ActiveCfg = Release|Any CPU
		{AEBFA2F6-F847-4342-93FF-BC32AAA41B96}.Release|x86.Build.0 = Release|Any CPU
		{1510B0E5-9772-4209-B172-FA81E0E1ED58}.Debug|Any CPU.ActiveCfg = Debug|Any CPU
		{1510B0E5-9772-4209-B172-FA81E0E1ED58}.Debug|Any CPU.Build.0 = Debug|Any CPU
		{1510B0E5-9772-4209-B172-FA81E0E1ED58}.Debug|x64.ActiveCfg = Debug|Any CPU
		{1510B0E5-9772-4209-B172-FA81E0E1ED58}.Debug|x64.Build.0 = Debug|Any CPU
		{1510B0E5-9772-4209-B172-FA81E0E1ED58}.Debug|x86.ActiveCfg = Debug|Any CPU
		{1510B0E5-9772-4209-B172-FA81E0E1ED58}.Debug|x86.Build.0 = Debug|Any CPU
		{1510B0E5-9772-4209-B172-FA81E0E1ED58}.Release|Any CPU.ActiveCfg = Release|Any CPU
		{1510B0E5-9772-4209-B172-FA81E0E1ED58}.Release|Any CPU.Build.0 = Release|Any CPU
		{1510B0E5-9772-4209-B172-FA81E0E1ED58}.Release|x64.ActiveCfg = Release|Any CPU
		{1510B0E5-9772-4209-B172-FA81E0E1ED58}.Release|x64.Build.0 = Release|Any CPU
		{1510B0E5-9772-4209-B172-FA81E0E1ED58}.Release|x86.ActiveCfg = Release|Any CPU
		{1510B0E5-9772-4209-B172-FA81E0E1ED58}.Release|x86.Build.0 = Release|Any CPU
	EndGlobalSection
	GlobalSection(SolutionProperties) = preSolution
		HideSolutionNode = FALSE
	EndGlobalSection
	GlobalSection(NestedProjects) = preSolution
	EndGlobalSection
EndGlobal
