Microsoft Visual Studio Solution File, Format Version 12.00
# Visual Studio Version 17
VisualStudioVersion = 17.0.31903.59
MinimumVisualStudioVersion = 10.0.40219.1
Project("{FAE04EC0-301F-11D3-BF4B-00C04F79EFBC}") = "Swarm.Editor", "Swarm.Editor\Swarm.Editor.csproj", "{B6653494-E4CC-43A0-A423-28F384A55425}"
EndProject
Project("{FAE04EC0-301F-11D3-BF4B-00C04F79EFBC}") = "Swarm.Shared", "Swarm.Shared\Swarm.Shared.csproj", "{2214ECFD-338A-41CB-892E-8A1B62662F9B}"
EndProject
Project("{FAE04EC0-301F-11D3-BF4B-00C04F79EFBC}") = "Swarm.Lsp", "Swarm.Lsp\Swarm.Lsp.csproj", "{624C939B-F44E-4DBD-9777-9476D6401805}"
EndProject
Global
	GlobalSection(SolutionConfigurationPlatforms) = preSolution
		Debug|Any CPU = Debug|Any CPU
		Debug|x64 = Debug|x64
		Debug|x86 = Debug|x86
		Release|Any CPU = Release|Any CPU
		Release|x64 = Release|x64
		Release|x86 = Release|x86
	EndGlobalSection
	GlobalSection(ProjectConfigurationPlatforms) = postSolution
		{B6653494-E4CC-43A0-A423-28F384A55425}.Debug|Any CPU.ActiveCfg = Debug|Any CPU
		{B6653494-E4CC-43A0-A423-28F384A55425}.Debug|Any CPU.Build.0 = Debug|Any CPU
		{B6653494-E4CC-43A0-A423-28F384A55425}.Debug|x64.ActiveCfg = Debug|Any CPU
		{B6653494-E4CC-43A0-A423-28F384A55425}.Debug|x64.Build.0 = Debug|Any CPU
		{B6653494-E4CC-43A0-A423-28F384A55425}.Debug|x86.ActiveCfg = Debug|Any CPU
		{B6653494-E4CC-43A0-A423-28F384A55425}.Debug|x86.Build.0 = Debug|Any CPU
		{B6653494-E4CC-43A0-A423-28F384A55425}.Release|Any CPU.ActiveCfg = Release|Any CPU
		{B6653494-E4CC-43A0-A423-28F384A55425}.Release|Any CPU.Build.0 = Release|Any CPU
		{B6653494-E4CC-43A0-A423-28F384A55425}.Release|x64.ActiveCfg = Release|Any CPU
		{B6653494-E4CC-43A0-A423-28F384A55425}.Release|x64.Build.0 = Release|Any CPU
		{B6653494-E4CC-43A0-A423-28F384A55425}.Release|x86.ActiveCfg = Release|Any CPU
		{B6653494-E4CC-43A0-A423-28F384A55425}.Release|x86.Build.0 = Release|Any CPU
		{2214ECFD-338A-41CB-892E-8A1B62662F9B}.Debug|Any CPU.ActiveCfg = Debug|Any CPU
		{2214ECFD-338A-41CB-892E-8A1B62662F9B}.Debug|Any CPU.Build.0 = Debug|Any CPU
		{2214ECFD-338A-41CB-892E-8A1B62662F9B}.Debug|x64.ActiveCfg = Debug|Any CPU
		{2214ECFD-338A-41CB-892E-8A1B62662F9B}.Debug|x64.Build.0 = Debug|Any CPU
		{2214ECFD-338A-41CB-892E-8A1B62662F9B}.Debug|x86.ActiveCfg = Debug|Any CPU
		{2214ECFD-338A-41CB-892E-8A1B62662F9B}.Debug|x86.Build.0 = Debug|Any CPU
		{2214ECFD-338A-41CB-892E-8A1B62662F9B}.Release|Any CPU.ActiveCfg = Release|Any CPU
		{2214ECFD-338A-41CB-892E-8A1B62662F9B}.Release|Any CPU.Build.0 = Release|Any CPU
		{2214ECFD-338A-41CB-892E-8A1B62662F9B}.Release|x64.ActiveCfg = Release|Any CPU
		{2214ECFD-338A-41CB-892E-8A1B62662F9B}.Release|x64.Build.0 = Release|Any CPU
		{2214ECFD-338A-41CB-892E-8A1B62662F9B}.Release|x86.ActiveCfg = Release|Any CPU
		{2214ECFD-338A-41CB-892E-8A1B62662F9B}.Release|x86.Build.0 = Release|Any CPU
		{624C939B-F44E-4DBD-9777-9476D6401805}.Debug|Any CPU.ActiveCfg = Debug|Any CPU
		{624C939B-F44E-4DBD-9777-9476D6401805}.Debug|Any CPU.Build.0 = Debug|Any CPU
		{624C939B-F44E-4DBD-9777-9476D6401805}.Debug|x64.ActiveCfg = Debug|Any CPU
		{624C939B-F44E-4DBD-9777-9476D6401805}.Debug|x64.Build.0 = Debug|Any CPU
		{624C939B-F44E-4DBD-9777-9476D6401805}.Debug|x86.ActiveCfg = Debug|Any CPU
		{624C939B-F44E-4DBD-9777-9476D6401805}.Debug|x86.Build.0 = Debug|Any CPU
		{624C939B-F44E-4DBD-9777-9476D6401805}.Release|Any CPU.ActiveCfg = Release|Any CPU
		{624C939B-F44E-4DBD-9777-9476D6401805}.Release|Any CPU.Build.0 = Release|Any CPU
		{624C939B-F44E-4DBD-9777-9476D6401805}.Release|x64.ActiveCfg = Release|Any CPU
		{624C939B-F44E-4DBD-9777-9476D6401805}.Release|x64.Build.0 = Release|Any CPU
		{624C939B-F44E-4DBD-9777-9476D6401805}.Release|x86.ActiveCfg = Release|Any CPU
		{624C939B-F44E-4DBD-9777-9476D6401805}.Release|x86.Build.0 = Release|Any CPU
	EndGlobalSection
	GlobalSection(SolutionProperties) = preSolution
		HideSolutionNode = FALSE
	EndGlobalSection
	GlobalSection(ExtensibilityGlobals) = postSolution
		SolutionGuid = {E8A27EDF-8DB0-485C-B7A9-CC31D5B1DF56}
	EndGlobalSection
EndGlobal
